// !$*UTF8*$!
{
	archiveVersion = 1;
	classes = {
	};
	objectVersion = 46;
	objects = {

/* Begin PBXAggregateTarget section */
		027CBF752874195B00BB72B4 /* OCLint */ = {
			isa = PBXAggregateTarget;
			buildConfigurationList = 027CBF782874195B00BB72B4 /* Build configuration list for PBXAggregateTarget "OCLint" */;
			buildPhases = (
				027CBF792874196000BB72B4 /* OCLint */,
			);
			dependencies = (
			);
			name = OCLint;
			productName = OCLint;
		};
/* End PBXAggregateTarget section */

/* Begin PBXBuildFile section */
		0203861728B4E4D900426838 /* C5A7913769E541.krc in Resources */ = {isa = PBXBuildFile; fileRef = 0203861628B4E4D900426838 /* C5A7913769E541.krc */; };
		0294AA382878008D00944D2B /* RCSReverbItem.m in Sources */ = {isa = PBXBuildFile; fileRef = 0294AA332877FD0800944D2B /* RCSReverbItem.m */; };
		0294AA392878009100944D2B /* RCSScreenTipsView.m in Sources */ = {isa = PBXBuildFile; fileRef = 0294AA362877FF7B00944D2B /* RCSScreenTipsView.m */; };
		02C9349E2862E4F6008135B6 /* 2061.lrc in Resources */ = {isa = PBXBuildFile; fileRef = 02C934972862DD29008135B6 /* 2061.lrc */; };
		02C934A02862ED26008135B6 /* 2061_test.krc in Resources */ = {isa = PBXBuildFile; fileRef = 02C9349F2862ED26008135B6 /* 2061_test.krc */; };
		02C934AD28656056008135B6 /* 2F0864DEC7.lrc in Resources */ = {isa = PBXBuildFile; fileRef = 02C934AC28656056008135B6 /* 2F0864DEC7.lrc */; };
		02ED1DD1286161EF00D6BD1A /* 15966.lrc in Resources */ = {isa = PBXBuildFile; fileRef = 02ED1DD0286161EF00D6BD1A /* 15966.lrc */; };
		02ED1DD32861621900D6BD1A /* 1D653D0C3B8.lrc in Resources */ = {isa = PBXBuildFile; fileRef = 02ED1DD22861621900D6BD1A /* 1D653D0C3B8.lrc */; };
		02ED1DD728616AC500D6BD1A /* 2F0870C8D9.lrc in Resources */ = {isa = PBXBuildFile; fileRef = 02ED1DD628616AC500D6BD1A /* 2F0870C8D9.lrc */; };
		02ED1DD928616ACC00D6BD1A /* 2F0870C8D9.txt in Resources */ = {isa = PBXBuildFile; fileRef = 02ED1DD828616ACC00D6BD1A /* 2F0870C8D9.txt */; };
		2E5160DDE4CA54B45AC4B282 /* Pods_RCSceneKTVMusicKit_Example.framework in Frameworks */ = {isa = PBXBuildFile; fileRef = 70F1F6D6CC0622E0A0B9276B /* Pods_RCSceneKTVMusicKit_Example.framework */; };
		6003F58E195388D20070C39A /* Foundation.framework in Frameworks */ = {isa = PBXBuildFile; fileRef = 6003F58D195388D20070C39A /* Foundation.framework */; };
		6003F590195388D20070C39A /* CoreGraphics.framework in Frameworks */ = {isa = PBXBuildFile; fileRef = 6003F58F195388D20070C39A /* CoreGraphics.framework */; };
		6003F592195388D20070C39A /* UIKit.framework in Frameworks */ = {isa = PBXBuildFile; fileRef = 6003F591195388D20070C39A /* UIKit.framework */; };
		6003F598195388D20070C39A /* InfoPlist.strings in Resources */ = {isa = PBXBuildFile; fileRef = 6003F596195388D20070C39A /* InfoPlist.strings */; };
		6003F59A195388D20070C39A /* main.m in Sources */ = {isa = PBXBuildFile; fileRef = 6003F599195388D20070C39A /* main.m */; };
		6003F59E195388D20070C39A /* RCSAppDelegate.m in Sources */ = {isa = PBXBuildFile; fileRef = 6003F59D195388D20070C39A /* RCSAppDelegate.m */; };
		6003F5A7195388D20070C39A /* RCSViewController.m in Sources */ = {isa = PBXBuildFile; fileRef = 6003F5A6195388D20070C39A /* RCSViewController.m */; };
		6003F5A9195388D20070C39A /* Images.xcassets in Resources */ = {isa = PBXBuildFile; fileRef = 6003F5A8195388D20070C39A /* Images.xcassets */; };
		6003F5B0195388D20070C39A /* XCTest.framework in Frameworks */ = {isa = PBXBuildFile; fileRef = 6003F5AF195388D20070C39A /* XCTest.framework */; };
		6003F5B1195388D20070C39A /* Foundation.framework in Frameworks */ = {isa = PBXBuildFile; fileRef = 6003F58D195388D20070C39A /* Foundation.framework */; };
		6003F5B2195388D20070C39A /* UIKit.framework in Frameworks */ = {isa = PBXBuildFile; fileRef = 6003F591195388D20070C39A /* UIKit.framework */; };
		6003F5BA195388D20070C39A /* InfoPlist.strings in Resources */ = {isa = PBXBuildFile; fileRef = 6003F5B8195388D20070C39A /* InfoPlist.strings */; };
		6003F5BC195388D20070C39A /* Tests.m in Sources */ = {isa = PBXBuildFile; fileRef = 6003F5BB195388D20070C39A /* Tests.m */; };
		71719F9F1E33DC2100824A3D /* LaunchScreen.storyboard in Resources */ = {isa = PBXBuildFile; fileRef = 71719F9D1E33DC2100824A3D /* LaunchScreen.storyboard */; };
		873B8AEB1B1F5CCA007FD442 /* Main.storyboard in Resources */ = {isa = PBXBuildFile; fileRef = 873B8AEA1B1F5CCA007FD442 /* Main.storyboard */; };
		E500C0BC24E668573F66F5EA /* Pods_RCSceneKTVMusicKit_Tests.framework in Frameworks */ = {isa = PBXBuildFile; fileRef = 25BACA045F0037521CF5E7AF /* Pods_RCSceneKTVMusicKit_Tests.framework */; };
/* End PBXBuildFile section */

/* Begin PBXContainerItemProxy section */
		6003F5B3195388D20070C39A /* PBXContainerItemProxy */ = {
			isa = PBXContainerItemProxy;
			containerPortal = 6003F582195388D10070C39A /* Project object */;
			proxyType = 1;
			remoteGlobalIDString = 6003F589195388D20070C39A;
			remoteInfo = RCSceneKTVMusicKit;
		};
/* End PBXContainerItemProxy section */

/* Begin PBXFileReference section */
		0203861628B4E4D900426838 /* C5A7913769E541.krc */ = {isa = PBXFileReference; fileEncoding = 4; lastKnownFileType = text; path = C5A7913769E541.krc; sourceTree = "<group>"; };
		0294AA322877FD0800944D2B /* RCSReverbItem.h */ = {isa = PBXFileReference; lastKnownFileType = sourcecode.c.h; path = RCSReverbItem.h; sourceTree = "<group>"; };
		0294AA332877FD0800944D2B /* RCSReverbItem.m */ = {isa = PBXFileReference; lastKnownFileType = sourcecode.c.objc; path = RCSReverbItem.m; sourceTree = "<group>"; };
		0294AA352877FF7B00944D2B /* RCSScreenTipsView.h */ = {isa = PBXFileReference; lastKnownFileType = sourcecode.c.h; path = RCSScreenTipsView.h; sourceTree = "<group>"; };
		0294AA362877FF7B00944D2B /* RCSScreenTipsView.m */ = {isa = PBXFileReference; lastKnownFileType = sourcecode.c.objc; path = RCSScreenTipsView.m; sourceTree = "<group>"; };
		02C934972862DD29008135B6 /* 2061.lrc */ = {isa = PBXFileReference; lastKnownFileType = file; path = 2061.lrc; sourceTree = "<group>"; };
		02C9349F2862ED26008135B6 /* 2061_test.krc */ = {isa = PBXFileReference; lastKnownFileType = file; path = 2061_test.krc; sourceTree = "<group>"; };
		02C934AC28656056008135B6 /* 2F0864DEC7.lrc */ = {isa = PBXFileReference; fileEncoding = 4; lastKnownFileType = text; path = 2F0864DEC7.lrc; sourceTree = "<group>"; };
		02ED1DD0286161EF00D6BD1A /* 15966.lrc */ = {isa = PBXFileReference; fileEncoding = 4; lastKnownFileType = text; path = 15966.lrc; sourceTree = "<group>"; };
		02ED1DD22861621900D6BD1A /* 1D653D0C3B8.lrc */ = {isa = PBXFileReference; fileEncoding = 4; lastKnownFileType = text; path = 1D653D0C3B8.lrc; sourceTree = "<group>"; };
		02ED1DD628616AC500D6BD1A /* 2F0870C8D9.lrc */ = {isa = PBXFileReference; fileEncoding = 4; lastKnownFileType = text; path = 2F0870C8D9.lrc; sourceTree = "<group>"; };
		02ED1DD828616ACC00D6BD1A /* 2F0870C8D9.txt */ = {isa = PBXFileReference; fileEncoding = 4; lastKnownFileType = text; path = 2F0870C8D9.txt; sourceTree = "<group>"; };
		24B87BBB20AABF197EA076B0 /* README.md */ = {isa = PBXFileReference; includeInIndex = 1; lastKnownFileType = net.daringfireball.markdown; name = README.md; path = ../README.md; sourceTree = "<group>"; };
		25BACA045F0037521CF5E7AF /* Pods_RCSceneKTVMusicKit_Tests.framework */ = {isa = PBXFileReference; explicitFileType = wrapper.framework; includeInIndex = 0; path = Pods_RCSceneKTVMusicKit_Tests.framework; sourceTree = BUILT_PRODUCTS_DIR; };
		3378F9E5635E02F35DBAA12E /* Pods-RCSceneKTVMusicKit_Example.debug.xcconfig */ = {isa = PBXFileReference; includeInIndex = 1; lastKnownFileType = text.xcconfig; name = "Pods-RCSceneKTVMusicKit_Example.debug.xcconfig"; path = "Target Support Files/Pods-RCSceneKTVMusicKit_Example/Pods-RCSceneKTVMusicKit_Example.debug.xcconfig"; sourceTree = "<group>"; };
		57A549436BA5B4F079C9F751 /* Pods-RCSceneKTVMusicKit_Example.release.xcconfig */ = {isa = PBXFileReference; includeInIndex = 1; lastKnownFileType = text.xcconfig; name = "Pods-RCSceneKTVMusicKit_Example.release.xcconfig"; path = "Target Support Files/Pods-RCSceneKTVMusicKit_Example/Pods-RCSceneKTVMusicKit_Example.release.xcconfig"; sourceTree = "<group>"; };
		6003F58A195388D20070C39A /* RCSceneKTVMusicKit_Example.app */ = {isa = PBXFileReference; explicitFileType = wrapper.application; includeInIndex = 0; path = RCSceneKTVMusicKit_Example.app; sourceTree = BUILT_PRODUCTS_DIR; };
		6003F58D195388D20070C39A /* Foundation.framework */ = {isa = PBXFileReference; lastKnownFileType = wrapper.framework; name = Foundation.framework; path = System/Library/Frameworks/Foundation.framework; sourceTree = SDKROOT; };
		6003F58F195388D20070C39A /* CoreGraphics.framework */ = {isa = PBXFileReference; lastKnownFileType = wrapper.framework; name = CoreGraphics.framework; path = System/Library/Frameworks/CoreGraphics.framework; sourceTree = SDKROOT; };
		6003F591195388D20070C39A /* UIKit.framework */ = {isa = PBXFileReference; lastKnownFileType = wrapper.framework; name = UIKit.framework; path = System/Library/Frameworks/UIKit.framework; sourceTree = SDKROOT; };
		6003F595195388D20070C39A /* RCSceneKTVMusicKit-Info.plist */ = {isa = PBXFileReference; lastKnownFileType = text.plist.xml; path = "RCSceneKTVMusicKit-Info.plist"; sourceTree = "<group>"; };
		6003F597195388D20070C39A /* en */ = {isa = PBXFileReference; lastKnownFileType = text.plist.strings; name = en; path = en.lproj/InfoPlist.strings; sourceTree = "<group>"; };
		6003F599195388D20070C39A /* main.m */ = {isa = PBXFileReference; lastKnownFileType = sourcecode.c.objc; path = main.m; sourceTree = "<group>"; };
		6003F59B195388D20070C39A /* RCSceneKTVMusicKit-Prefix.pch */ = {isa = PBXFileReference; lastKnownFileType = sourcecode.c.h; path = "RCSceneKTVMusicKit-Prefix.pch"; sourceTree = "<group>"; };
		6003F59C195388D20070C39A /* RCSAppDelegate.h */ = {isa = PBXFileReference; lastKnownFileType = sourcecode.c.h; path = RCSAppDelegate.h; sourceTree = "<group>"; };
		6003F59D195388D20070C39A /* RCSAppDelegate.m */ = {isa = PBXFileReference; lastKnownFileType = sourcecode.c.objc; path = RCSAppDelegate.m; sourceTree = "<group>"; };
		6003F5A5195388D20070C39A /* RCSViewController.h */ = {isa = PBXFileReference; lastKnownFileType = sourcecode.c.h; path = RCSViewController.h; sourceTree = "<group>"; };
		6003F5A6195388D20070C39A /* RCSViewController.m */ = {isa = PBXFileReference; lastKnownFileType = sourcecode.c.objc; path = RCSViewController.m; sourceTree = "<group>"; };
		6003F5A8195388D20070C39A /* Images.xcassets */ = {isa = PBXFileReference; lastKnownFileType = folder.assetcatalog; path = Images.xcassets; sourceTree = "<group>"; };
		6003F5AE195388D20070C39A /* RCSceneKTVMusicKit_Tests.xctest */ = {isa = PBXFileReference; explicitFileType = wrapper.cfbundle; includeInIndex = 0; path = RCSceneKTVMusicKit_Tests.xctest; sourceTree = BUILT_PRODUCTS_DIR; };
		6003F5AF195388D20070C39A /* XCTest.framework */ = {isa = PBXFileReference; lastKnownFileType = wrapper.framework; name = XCTest.framework; path = Library/Frameworks/XCTest.framework; sourceTree = DEVELOPER_DIR; };
		6003F5B7195388D20070C39A /* Tests-Info.plist */ = {isa = PBXFileReference; lastKnownFileType = text.plist.xml; path = "Tests-Info.plist"; sourceTree = "<group>"; };
		6003F5B9195388D20070C39A /* en */ = {isa = PBXFileReference; lastKnownFileType = text.plist.strings; name = en; path = en.lproj/InfoPlist.strings; sourceTree = "<group>"; };
		6003F5BB195388D20070C39A /* Tests.m */ = {isa = PBXFileReference; lastKnownFileType = sourcecode.c.objc; path = Tests.m; sourceTree = "<group>"; };
		606FC2411953D9B200FFA9A0 /* Tests-Prefix.pch */ = {isa = PBXFileReference; lastKnownFileType = sourcecode.c.h; path = "Tests-Prefix.pch"; sourceTree = "<group>"; };
		70F1F6D6CC0622E0A0B9276B /* Pods_RCSceneKTVMusicKit_Example.framework */ = {isa = PBXFileReference; explicitFileType = wrapper.framework; includeInIndex = 0; path = Pods_RCSceneKTVMusicKit_Example.framework; sourceTree = BUILT_PRODUCTS_DIR; };
		71719F9E1E33DC2100824A3D /* Base */ = {isa = PBXFileReference; lastKnownFileType = file.storyboard; name = Base; path = Base.lproj/LaunchScreen.storyboard; sourceTree = "<group>"; };
		873B8AEA1B1F5CCA007FD442 /* Main.storyboard */ = {isa = PBXFileReference; fileEncoding = 4; lastKnownFileType = file.storyboard; name = Main.storyboard; path = Base.lproj/Main.storyboard; sourceTree = "<group>"; };
		BFB0FDE4C5E50873734F98E0 /* RCSceneKTVMusicKit.podspec */ = {isa = PBXFileReference; includeInIndex = 1; lastKnownFileType = text; name = RCSceneKTVMusicKit.podspec; path = ../RCSceneKTVMusicKit.podspec; sourceTree = "<group>"; xcLanguageSpecificationIdentifier = xcode.lang.ruby; };
		C4858AF80BC4B2DC8CACE28F /* Pods-RCSceneKTVMusicKit_Tests.release.xcconfig */ = {isa = PBXFileReference; includeInIndex = 1; lastKnownFileType = text.xcconfig; name = "Pods-RCSceneKTVMusicKit_Tests.release.xcconfig"; path = "Target Support Files/Pods-RCSceneKTVMusicKit_Tests/Pods-RCSceneKTVMusicKit_Tests.release.xcconfig"; sourceTree = "<group>"; };
		D8BFA882BA6DC9701640DB8E /* LICENSE */ = {isa = PBXFileReference; includeInIndex = 1; lastKnownFileType = text; name = LICENSE; path = ../LICENSE; sourceTree = "<group>"; };
		EA03F015BBA38582FAD5544C /* Pods-RCSceneKTVMusicKit_Tests.debug.xcconfig */ = {isa = PBXFileReference; includeInIndex = 1; lastKnownFileType = text.xcconfig; name = "Pods-RCSceneKTVMusicKit_Tests.debug.xcconfig"; path = "Target Support Files/Pods-RCSceneKTVMusicKit_Tests/Pods-RCSceneKTVMusicKit_Tests.debug.xcconfig"; sourceTree = "<group>"; };
/* End PBXFileReference section */

/* Begin PBXFrameworksBuildPhase section */
		6003F587195388D20070C39A /* Frameworks */ = {
			isa = PBXFrameworksBuildPhase;
			buildActionMask = 2147483647;
			files = (
				6003F590195388D20070C39A /* CoreGraphics.framework in Frameworks */,
				6003F592195388D20070C39A /* UIKit.framework in Frameworks */,
				6003F58E195388D20070C39A /* Foundation.framework in Frameworks */,
				2E5160DDE4CA54B45AC4B282 /* Pods_RCSceneKTVMusicKit_Example.framework in Frameworks */,
			);
			runOnlyForDeploymentPostprocessing = 0;
		};
		6003F5AB195388D20070C39A /* Frameworks */ = {
			isa = PBXFrameworksBuildPhase;
			buildActionMask = 2147483647;
			files = (
				6003F5B0195388D20070C39A /* XCTest.framework in Frameworks */,
				6003F5B2195388D20070C39A /* UIKit.framework in Frameworks */,
				6003F5B1195388D20070C39A /* Foundation.framework in Frameworks */,
				E500C0BC24E668573F66F5EA /* Pods_RCSceneKTVMusicKit_Tests.framework in Frameworks */,
			);
			runOnlyForDeploymentPostprocessing = 0;
		};
/* End PBXFrameworksBuildPhase section */

/* Begin PBXGroup section */
		0294AA342877FD0800944D2B /* Model */ = {
			isa = PBXGroup;
			children = (
				0294AA322877FD0800944D2B /* RCSReverbItem.h */,
				0294AA332877FD0800944D2B /* RCSReverbItem.m */,
			);
			path = Model;
			sourceTree = "<group>";
		};
		0294AA372877FF7B00944D2B /* View */ = {
			isa = PBXGroup;
			children = (
				0294AA352877FF7B00944D2B /* RCSScreenTipsView.h */,
				0294AA362877FF7B00944D2B /* RCSScreenTipsView.m */,
			);
			path = View;
			sourceTree = "<group>";
		};
		6003F581195388D10070C39A = {
			isa = PBXGroup;
			children = (
				60FF7A9C1954A5C5007DD14C /* Podspec Metadata */,
				6003F593195388D20070C39A /* Example for RCSceneKTVMusicKit */,
				6003F5B5195388D20070C39A /* Tests */,
				6003F58C195388D20070C39A /* Frameworks */,
				6003F58B195388D20070C39A /* Products */,
				ABF55DC1525052160D69D2A6 /* Pods */,
			);
			sourceTree = "<group>";
		};
		6003F58B195388D20070C39A /* Products */ = {
			isa = PBXGroup;
			children = (
				6003F58A195388D20070C39A /* RCSceneKTVMusicKit_Example.app */,
				6003F5AE195388D20070C39A /* RCSceneKTVMusicKit_Tests.xctest */,
			);
			name = Products;
			sourceTree = "<group>";
		};
		6003F58C195388D20070C39A /* Frameworks */ = {
			isa = PBXGroup;
			children = (
				6003F58D195388D20070C39A /* Foundation.framework */,
				6003F58F195388D20070C39A /* CoreGraphics.framework */,
				6003F591195388D20070C39A /* UIKit.framework */,
				6003F5AF195388D20070C39A /* XCTest.framework */,
				70F1F6D6CC0622E0A0B9276B /* Pods_RCSceneKTVMusicKit_Example.framework */,
				25BACA045F0037521CF5E7AF /* Pods_RCSceneKTVMusicKit_Tests.framework */,
			);
			name = Frameworks;
			sourceTree = "<group>";
		};
		6003F593195388D20070C39A /* Example for RCSceneKTVMusicKit */ = {
			isa = PBXGroup;
			children = (
				0203861628B4E4D900426838 /* C5A7913769E541.krc */,
				02ED1DD828616ACC00D6BD1A /* 2F0870C8D9.txt */,
				02ED1DD628616AC500D6BD1A /* 2F0870C8D9.lrc */,
				02C9349F2862ED26008135B6 /* 2061_test.krc */,
				02ED1DD0286161EF00D6BD1A /* 15966.lrc */,
				02C934972862DD29008135B6 /* 2061.lrc */,
				02C934AC28656056008135B6 /* 2F0864DEC7.lrc */,
				02ED1DD22861621900D6BD1A /* 1D653D0C3B8.lrc */,
				6003F59C195388D20070C39A /* RCSAppDelegate.h */,
				6003F59D195388D20070C39A /* RCSAppDelegate.m */,
				873B8AEA1B1F5CCA007FD442 /* Main.storyboard */,
				6003F5A5195388D20070C39A /* RCSViewController.h */,
				6003F5A6195388D20070C39A /* RCSViewController.m */,
				0294AA372877FF7B00944D2B /* View */,
				0294AA342877FD0800944D2B /* Model */,
				71719F9D1E33DC2100824A3D /* LaunchScreen.storyboard */,
				6003F5A8195388D20070C39A /* Images.xcassets */,
				6003F594195388D20070C39A /* Supporting Files */,
			);
			name = "Example for RCSceneKTVMusicKit";
			path = RCSceneKTVMusicKit;
			sourceTree = "<group>";
		};
		6003F594195388D20070C39A /* Supporting Files */ = {
			isa = PBXGroup;
			children = (
				6003F595195388D20070C39A /* RCSceneKTVMusicKit-Info.plist */,
				6003F596195388D20070C39A /* InfoPlist.strings */,
				6003F599195388D20070C39A /* main.m */,
				6003F59B195388D20070C39A /* RCSceneKTVMusicKit-Prefix.pch */,
			);
			name = "Supporting Files";
			sourceTree = "<group>";
		};
		6003F5B5195388D20070C39A /* Tests */ = {
			isa = PBXGroup;
			children = (
				6003F5BB195388D20070C39A /* Tests.m */,
				6003F5B6195388D20070C39A /* Supporting Files */,
			);
			path = Tests;
			sourceTree = "<group>";
		};
		6003F5B6195388D20070C39A /* Supporting Files */ = {
			isa = PBXGroup;
			children = (
				6003F5B7195388D20070C39A /* Tests-Info.plist */,
				6003F5B8195388D20070C39A /* InfoPlist.strings */,
				606FC2411953D9B200FFA9A0 /* Tests-Prefix.pch */,
			);
			name = "Supporting Files";
			sourceTree = "<group>";
		};
		60FF7A9C1954A5C5007DD14C /* Podspec Metadata */ = {
			isa = PBXGroup;
			children = (
				BFB0FDE4C5E50873734F98E0 /* RCSceneKTVMusicKit.podspec */,
				24B87BBB20AABF197EA076B0 /* README.md */,
				D8BFA882BA6DC9701640DB8E /* LICENSE */,
			);
			name = "Podspec Metadata";
			sourceTree = "<group>";
		};
		ABF55DC1525052160D69D2A6 /* Pods */ = {
			isa = PBXGroup;
			children = (
				3378F9E5635E02F35DBAA12E /* Pods-RCSceneKTVMusicKit_Example.debug.xcconfig */,
				57A549436BA5B4F079C9F751 /* Pods-RCSceneKTVMusicKit_Example.release.xcconfig */,
				EA03F015BBA38582FAD5544C /* Pods-RCSceneKTVMusicKit_Tests.debug.xcconfig */,
				C4858AF80BC4B2DC8CACE28F /* Pods-RCSceneKTVMusicKit_Tests.release.xcconfig */,
			);
			path = Pods;
			sourceTree = "<group>";
		};
/* End PBXGroup section */

/* Begin PBXNativeTarget section */
		6003F589195388D20070C39A /* RCSceneKTVMusicKit_Example */ = {
			isa = PBXNativeTarget;
			buildConfigurationList = 6003F5BF195388D20070C39A /* Build configuration list for PBXNativeTarget "RCSceneKTVMusicKit_Example" */;
			buildPhases = (
				9216A52CEB3C934C88746D94 /* [CP] Check Pods Manifest.lock */,
				6003F586195388D20070C39A /* Sources */,
				6003F587195388D20070C39A /* Frameworks */,
				6003F588195388D20070C39A /* Resources */,
				484EEE38319EC19DD7F84C6C /* [CP] Embed Pods Frameworks */,
			);
			buildRules = (
			);
			dependencies = (
			);
			name = RCSceneKTVMusicKit_Example;
			productName = RCSceneKTVMusicKit;
			productReference = 6003F58A195388D20070C39A /* RCSceneKTVMusicKit_Example.app */;
			productType = "com.apple.product-type.application";
		};
		6003F5AD195388D20070C39A /* RCSceneKTVMusicKit_Tests */ = {
			isa = PBXNativeTarget;
			buildConfigurationList = 6003F5C2195388D20070C39A /* Build configuration list for PBXNativeTarget "RCSceneKTVMusicKit_Tests" */;
			buildPhases = (
				42DA4AF5AD99F7F1FB2E4F2A /* [CP] Check Pods Manifest.lock */,
				6003F5AA195388D20070C39A /* Sources */,
				6003F5AB195388D20070C39A /* Frameworks */,
				6003F5AC195388D20070C39A /* Resources */,
			);
			buildRules = (
			);
			dependencies = (
				6003F5B4195388D20070C39A /* PBXTargetDependency */,
			);
			name = RCSceneKTVMusicKit_Tests;
			productName = RCSceneKTVMusicKitTests;
			productReference = 6003F5AE195388D20070C39A /* RCSceneKTVMusicKit_Tests.xctest */;
			productType = "com.apple.product-type.bundle.unit-test";
		};
/* End PBXNativeTarget section */

/* Begin PBXProject section */
		6003F582195388D10070C39A /* Project object */ = {
			isa = PBXProject;
			attributes = {
				CLASSPREFIX = RCS;
				LastUpgradeCheck = 1340;
				ORGANIZATIONNAME = "彭蕾";
				TargetAttributes = {
					027CBF752874195B00BB72B4 = {
						CreatedOnToolsVersion = 13.4;
						DevelopmentTeam = 429763Y37W;
						ProvisioningStyle = Automatic;
					};
					6003F589195388D20070C39A = {
						DevelopmentTeam = 43XBZUE6H4;
					};
					6003F5AD195388D20070C39A = {
						TestTargetID = 6003F589195388D20070C39A;
					};
				};
			};
			buildConfigurationList = 6003F585195388D10070C39A /* Build configuration list for PBXProject "RCSceneKTVMusicKit" */;
			compatibilityVersion = "Xcode 3.2";
			developmentRegion = en;
			hasScannedForEncodings = 0;
			knownRegions = (
				en,
				Base,
			);
			mainGroup = 6003F581195388D10070C39A;
			productRefGroup = 6003F58B195388D20070C39A /* Products */;
			projectDirPath = "";
			projectRoot = "";
			targets = (
				6003F589195388D20070C39A /* RCSceneKTVMusicKit_Example */,
				6003F5AD195388D20070C39A /* RCSceneKTVMusicKit_Tests */,
				027CBF752874195B00BB72B4 /* OCLint */,
			);
		};
/* End PBXProject section */

/* Begin PBXResourcesBuildPhase section */
		6003F588195388D20070C39A /* Resources */ = {
			isa = PBXResourcesBuildPhase;
			buildActionMask = 2147483647;
			files = (
				873B8AEB1B1F5CCA007FD442 /* Main.storyboard in Resources */,
				02ED1DD32861621900D6BD1A /* 1D653D0C3B8.lrc in Resources */,
				71719F9F1E33DC2100824A3D /* LaunchScreen.storyboard in Resources */,
				02C9349E2862E4F6008135B6 /* 2061.lrc in Resources */,
				02ED1DD728616AC500D6BD1A /* 2F0870C8D9.lrc in Resources */,
				02C934A02862ED26008135B6 /* 2061_test.krc in Resources */,
				0203861728B4E4D900426838 /* C5A7913769E541.krc in Resources */,
				02ED1DD1286161EF00D6BD1A /* 15966.lrc in Resources */,
				6003F5A9195388D20070C39A /* Images.xcassets in Resources */,
				02C934AD28656056008135B6 /* 2F0864DEC7.lrc in Resources */,
				6003F598195388D20070C39A /* InfoPlist.strings in Resources */,
				02ED1DD928616ACC00D6BD1A /* 2F0870C8D9.txt in Resources */,
			);
			runOnlyForDeploymentPostprocessing = 0;
		};
		6003F5AC195388D20070C39A /* Resources */ = {
			isa = PBXResourcesBuildPhase;
			buildActionMask = 2147483647;
			files = (
				6003F5BA195388D20070C39A /* InfoPlist.strings in Resources */,
			);
			runOnlyForDeploymentPostprocessing = 0;
		};
/* End PBXResourcesBuildPhase section */

/* Begin PBXShellScriptBuildPhase section */
		027CBF792874196000BB72B4 /* OCLint */ = {
			isa = PBXShellScriptBuildPhase;
			buildActionMask = 2147483647;
			files = (
			);
			inputFileListPaths = (
			);
			inputPaths = (
			);
			name = OCLint;
			outputFileListPaths = (
			);
			outputPaths = (
			);
			runOnlyForDeploymentPostprocessing = 0;
			shellPath = /bin/sh;
			shellScript = "# Type a script or drag a script file from your workspace to insert its path.\n#!/bin/bash\nxcodebuild -workspace ${PROJECT_NAME}.xcworkspace -scheme ${PROJECT_NAME} -configuration DEBUG -UseModernBuildSystem=NO -destination 'generic/platform=iOS' clean build | xcpretty -r json-compilation-database -o compile_commands.json\noclint-json-compilation-database -e Pods -- -report-type xcode -max-priority-1=9999 -max-priority-2=9999 -max-priority-3=9999\n";
		};
		42DA4AF5AD99F7F1FB2E4F2A /* [CP] Check Pods Manifest.lock */ = {
			isa = PBXShellScriptBuildPhase;
			buildActionMask = 2147483647;
			files = (
			);
			inputFileListPaths = (
			);
			inputPaths = (
				"${PODS_PODFILE_DIR_PATH}/Podfile.lock",
				"${PODS_ROOT}/Manifest.lock",
			);
			name = "[CP] Check Pods Manifest.lock";
			outputFileListPaths = (
			);
			outputPaths = (
				"$(DERIVED_FILE_DIR)/Pods-RCSceneKTVMusicKit_Tests-checkManifestLockResult.txt",
			);
			runOnlyForDeploymentPostprocessing = 0;
			shellPath = /bin/sh;
			shellScript = "diff \"${PODS_PODFILE_DIR_PATH}/Podfile.lock\" \"${PODS_ROOT}/Manifest.lock\" > /dev/null\nif [ $? != 0 ] ; then\n    # print error to STDERR\n    echo \"error: The sandbox is not in sync with the Podfile.lock. Run 'pod install' or update your CocoaPods installation.\" >&2\n    exit 1\nfi\n# This output is used by Xcode 'outputs' to avoid re-running this script phase.\necho \"SUCCESS\" > \"${SCRIPT_OUTPUT_FILE_0}\"\n";
			showEnvVarsInLog = 0;
		};
		484EEE38319EC19DD7F84C6C /* [CP] Embed Pods Frameworks */ = {
			isa = PBXShellScriptBuildPhase;
			buildActionMask = 2147483647;
			files = (
			);
			inputPaths = (
				"${PODS_ROOT}/Target Support Files/Pods-RCSceneKTVMusicKit_Example/Pods-RCSceneKTVMusicKit_Example-frameworks.sh",
				"${BUILT_PRODUCTS_DIR}/AFNetworking/AFNetworking.framework",
				"${BUILT_PRODUCTS_DIR}/MJRefresh/MJRefresh.framework",
				"${BUILT_PRODUCTS_DIR}/Masonry/Masonry.framework",
				"${BUILT_PRODUCTS_DIR}/RCSceneBaseKit/RCSceneBaseKit.framework",
				"${BUILT_PRODUCTS_DIR}/RCSceneKTVMusicKit/RCSceneKTVMusicKit.framework",
				"${BUILT_PRODUCTS_DIR}/RCSceneNetworkKit/RCSceneNetworkKit.framework",
				"${BUILT_PRODUCTS_DIR}/SDWebImage/SDWebImage.framework",
				"${BUILT_PRODUCTS_DIR}/SVProgressHUD/SVProgressHUD.framework",
				"${BUILT_PRODUCTS_DIR}/YYModel/YYModel.framework",
			);
			name = "[CP] Embed Pods Frameworks";
			outputPaths = (
				"${TARGET_BUILD_DIR}/${FRAMEWORKS_FOLDER_PATH}/AFNetworking.framework",
				"${TARGET_BUILD_DIR}/${FRAMEWORKS_FOLDER_PATH}/MJRefresh.framework",
				"${TARGET_BUILD_DIR}/${FRAMEWORKS_FOLDER_PATH}/Masonry.framework",
				"${TARGET_BUILD_DIR}/${FRAMEWORKS_FOLDER_PATH}/RCSceneBaseKit.framework",
				"${TARGET_BUILD_DIR}/${FRAMEWORKS_FOLDER_PATH}/RCSceneKTVMusicKit.framework",
				"${TARGET_BUILD_DIR}/${FRAMEWORKS_FOLDER_PATH}/RCSceneNetworkKit.framework",
				"${TARGET_BUILD_DIR}/${FRAMEWORKS_FOLDER_PATH}/SDWebImage.framework",
				"${TARGET_BUILD_DIR}/${FRAMEWORKS_FOLDER_PATH}/SVProgressHUD.framework",
				"${TARGET_BUILD_DIR}/${FRAMEWORKS_FOLDER_PATH}/YYModel.framework",
			);
			runOnlyForDeploymentPostprocessing = 0;
			shellPath = /bin/sh;
			shellScript = "\"${PODS_ROOT}/Target Support Files/Pods-RCSceneKTVMusicKit_Example/Pods-RCSceneKTVMusicKit_Example-frameworks.sh\"\n";
			showEnvVarsInLog = 0;
		};
		9216A52CEB3C934C88746D94 /* [CP] Check Pods Manifest.lock */ = {
			isa = PBXShellScriptBuildPhase;
			buildActionMask = 2147483647;
			files = (
			);
			inputFileListPaths = (
			);
			inputPaths = (
				"${PODS_PODFILE_DIR_PATH}/Podfile.lock",
				"${PODS_ROOT}/Manifest.lock",
			);
			name = "[CP] Check Pods Manifest.lock";
			outputFileListPaths = (
			);
			outputPaths = (
				"$(DERIVED_FILE_DIR)/Pods-RCSceneKTVMusicKit_Example-checkManifestLockResult.txt",
			);
			runOnlyForDeploymentPostprocessing = 0;
			shellPath = /bin/sh;
			shellScript = "diff \"${PODS_PODFILE_DIR_PATH}/Podfile.lock\" \"${PODS_ROOT}/Manifest.lock\" > /dev/null\nif [ $? != 0 ] ; then\n    # print error to STDERR\n    echo \"error: The sandbox is not in sync with the Podfile.lock. Run 'pod install' or update your CocoaPods installation.\" >&2\n    exit 1\nfi\n# This output is used by Xcode 'outputs' to avoid re-running this script phase.\necho \"SUCCESS\" > \"${SCRIPT_OUTPUT_FILE_0}\"\n";
			showEnvVarsInLog = 0;
		};
/* End PBXShellScriptBuildPhase section */

/* Begin PBXSourcesBuildPhase section */
		6003F586195388D20070C39A /* Sources */ = {
			isa = PBXSourcesBuildPhase;
			buildActionMask = 2147483647;
			files = (
				6003F59E195388D20070C39A /* RCSAppDelegate.m in Sources */,
				6003F5A7195388D20070C39A /* RCSViewController.m in Sources */,
				6003F59A195388D20070C39A /* main.m in Sources */,
				0294AA382878008D00944D2B /* RCSReverbItem.m in Sources */,
				0294AA392878009100944D2B /* RCSScreenTipsView.m in Sources */,
			);
			runOnlyForDeploymentPostprocessing = 0;
		};
		6003F5AA195388D20070C39A /* Sources */ = {
			isa = PBXSourcesBuildPhase;
			buildActionMask = 2147483647;
			files = (
				6003F5BC195388D20070C39A /* Tests.m in Sources */,
			);
			runOnlyForDeploymentPostprocessing = 0;
		};
/* End PBXSourcesBuildPhase section */

/* Begin PBXTargetDependency section */
		6003F5B4195388D20070C39A /* PBXTargetDependency */ = {
			isa = PBXTargetDependency;
			target = 6003F589195388D20070C39A /* RCSceneKTVMusicKit_Example */;
			targetProxy = 6003F5B3195388D20070C39A /* PBXContainerItemProxy */;
		};
/* End PBXTargetDependency section */

/* Begin PBXVariantGroup section */
		6003F596195388D20070C39A /* InfoPlist.strings */ = {
			isa = PBXVariantGroup;
			children = (
				6003F597195388D20070C39A /* en */,
			);
			name = InfoPlist.strings;
			sourceTree = "<group>";
		};
		6003F5B8195388D20070C39A /* InfoPlist.strings */ = {
			isa = PBXVariantGroup;
			children = (
				6003F5B9195388D20070C39A /* en */,
			);
			name = InfoPlist.strings;
			sourceTree = "<group>";
		};
		71719F9D1E33DC2100824A3D /* LaunchScreen.storyboard */ = {
			isa = PBXVariantGroup;
			children = (
				71719F9E1E33DC2100824A3D /* Base */,
			);
			name = LaunchScreen.storyboard;
			sourceTree = "<group>";
		};
/* End PBXVariantGroup section */

/* Begin XCBuildConfiguration section */
		027CBF762874195B00BB72B4 /* Debug */ = {
			isa = XCBuildConfiguration;
			buildSettings = {
				CODE_SIGN_STYLE = Automatic;
				DEVELOPMENT_TEAM = 429763Y37W;
				PRODUCT_NAME = "$(TARGET_NAME)";
			};
			name = Debug;
		};
		027CBF772874195B00BB72B4 /* Release */ = {
			isa = XCBuildConfiguration;
			buildSettings = {
				CODE_SIGN_STYLE = Automatic;
				DEVELOPMENT_TEAM = 429763Y37W;
				PRODUCT_NAME = "$(TARGET_NAME)";
			};
			name = Release;
		};
		6003F5BD195388D20070C39A /* Debug */ = {
			isa = XCBuildConfiguration;
			buildSettings = {
				ALWAYS_SEARCH_USER_PATHS = NO;
				CLANG_ANALYZER_LOCALIZABILITY_NONLOCALIZED = YES;
				CLANG_CXX_LANGUAGE_STANDARD = "gnu++0x";
				CLANG_CXX_LIBRARY = "libc++";
				CLANG_ENABLE_MODULES = YES;
				CLANG_ENABLE_OBJC_ARC = YES;
				CLANG_WARN_BLOCK_CAPTURE_AUTORELEASING = YES;
				CLANG_WARN_BOOL_CONVERSION = YES;
				CLANG_WARN_COMMA = YES;
				CLANG_WARN_CONSTANT_CONVERSION = YES;
				CLANG_WARN_DEPRECATED_OBJC_IMPLEMENTATIONS = YES;
				CLANG_WARN_DIRECT_OBJC_ISA_USAGE = YES_ERROR;
				CLANG_WARN_EMPTY_BODY = YES;
				CLANG_WARN_ENUM_CONVERSION = YES;
				CLANG_WARN_INFINITE_RECURSION = YES;
				CLANG_WARN_INT_CONVERSION = YES;
				CLANG_WARN_NON_LITERAL_NULL_CONVERSION = YES;
				CLANG_WARN_OBJC_IMPLICIT_RETAIN_SELF = YES;
				CLANG_WARN_OBJC_LITERAL_CONVERSION = YES;
				CLANG_WARN_OBJC_ROOT_CLASS = YES_ERROR;
				CLANG_WARN_QUOTED_INCLUDE_IN_FRAMEWORK_HEADER = YES;
				CLANG_WARN_RANGE_LOOP_ANALYSIS = YES;
				CLANG_WARN_STRICT_PROTOTYPES = YES;
				CLANG_WARN_SUSPICIOUS_MOVE = YES;
				CLANG_WARN_UNREACHABLE_CODE = YES;
				CLANG_WARN__DUPLICATE_METHOD_MATCH = YES;
				"CODE_SIGN_IDENTITY[sdk=iphoneos*]" = "iPhone Developer";
				COPY_PHASE_STRIP = NO;
				ENABLE_STRICT_OBJC_MSGSEND = YES;
				ENABLE_TESTABILITY = YES;
				GCC_C_LANGUAGE_STANDARD = gnu99;
				GCC_DYNAMIC_NO_PIC = NO;
				GCC_NO_COMMON_BLOCKS = YES;
				GCC_OPTIMIZATION_LEVEL = 0;
				GCC_PREPROCESSOR_DEFINITIONS = (
					"DEBUG=1",
					"$(inherited)",
				);
				GCC_SYMBOLS_PRIVATE_EXTERN = NO;
				GCC_WARN_64_TO_32_BIT_CONVERSION = YES;
				GCC_WARN_ABOUT_RETURN_TYPE = YES_ERROR;
				GCC_WARN_UNDECLARED_SELECTOR = YES;
				GCC_WARN_UNINITIALIZED_AUTOS = YES_AGGRESSIVE;
				GCC_WARN_UNUSED_FUNCTION = YES;
				GCC_WARN_UNUSED_VARIABLE = YES;
				IPHONEOS_DEPLOYMENT_TARGET = 12.0;
				ONLY_ACTIVE_ARCH = YES;
				SDKROOT = iphoneos;
				TARGETED_DEVICE_FAMILY = "1,2";
			};
			name = Debug;
		};
		6003F5BE195388D20070C39A /* Release */ = {
			isa = XCBuildConfiguration;
			buildSettings = {
				ALWAYS_SEARCH_USER_PATHS = NO;
				CLANG_ANALYZER_LOCALIZABILITY_NONLOCALIZED = YES;
				CLANG_CXX_LANGUAGE_STANDARD = "gnu++0x";
				CLANG_CXX_LIBRARY = "libc++";
				CLANG_ENABLE_MODULES = YES;
				CLANG_ENABLE_OBJC_ARC = YES;
				CLANG_WARN_BLOCK_CAPTURE_AUTORELEASING = YES;
				CLANG_WARN_BOOL_CONVERSION = YES;
				CLANG_WARN_COMMA = YES;
				CLANG_WARN_CONSTANT_CONVERSION = YES;
				CLANG_WARN_DEPRECATED_OBJC_IMPLEMENTATIONS = YES;
				CLANG_WARN_DIRECT_OBJC_ISA_USAGE = YES_ERROR;
				CLANG_WARN_EMPTY_BODY = YES;
				CLANG_WARN_ENUM_CONVERSION = YES;
				CLANG_WARN_INFINITE_RECURSION = YES;
				CLANG_WARN_INT_CONVERSION = YES;
				CLANG_WARN_NON_LITERAL_NULL_CONVERSION = YES;
				CLANG_WARN_OBJC_IMPLICIT_RETAIN_SELF = YES;
				CLANG_WARN_OBJC_LITERAL_CONVERSION = YES;
				CLANG_WARN_OBJC_ROOT_CLASS = YES_ERROR;
				CLANG_WARN_QUOTED_INCLUDE_IN_FRAMEWORK_HEADER = YES;
				CLANG_WARN_RANGE_LOOP_ANALYSIS = YES;
				CLANG_WARN_STRICT_PROTOTYPES = YES;
				CLANG_WARN_SUSPICIOUS_MOVE = YES;
				CLANG_WARN_UNREACHABLE_CODE = YES;
				CLANG_WARN__DUPLICATE_METHOD_MATCH = YES;
				"CODE_SIGN_IDENTITY[sdk=iphoneos*]" = "iPhone Developer";
				COPY_PHASE_STRIP = YES;
				ENABLE_NS_ASSERTIONS = NO;
				ENABLE_STRICT_OBJC_MSGSEND = YES;
				GCC_C_LANGUAGE_STANDARD = gnu99;
				GCC_NO_COMMON_BLOCKS = YES;
				GCC_WARN_64_TO_32_BIT_CONVERSION = YES;
				GCC_WARN_ABOUT_RETURN_TYPE = YES_ERROR;
				GCC_WARN_UNDECLARED_SELECTOR = YES;
				GCC_WARN_UNINITIALIZED_AUTOS = YES_AGGRESSIVE;
				GCC_WARN_UNUSED_FUNCTION = YES;
				GCC_WARN_UNUSED_VARIABLE = YES;
				IPHONEOS_DEPLOYMENT_TARGET = 12.0;
				SDKROOT = iphoneos;
				TARGETED_DEVICE_FAMILY = "1,2";
				VALIDATE_PRODUCT = YES;
			};
			name = Release;
		};
		6003F5C0195388D20070C39A /* Debug */ = {
			isa = XCBuildConfiguration;
			baseConfigurationReference = 3378F9E5635E02F35DBAA12E /* Pods-RCSceneKTVMusicKit_Example.debug.xcconfig */;
			buildSettings = {
				ASSETCATALOG_COMPILER_APPICON_NAME = AppIcon;
				DEVELOPMENT_TEAM = 43XBZUE6H4;
				GCC_PRECOMPILE_PREFIX_HEADER = YES;
				GCC_PREFIX_HEADER = "RCSceneKTVMusicKit/RCSceneKTVMusicKit-Prefix.pch";
				INFOPLIST_FILE = "RCSceneKTVMusicKit/RCSceneKTVMusicKit-Info.plist";
				MODULE_NAME = ExampleApp;
				PRODUCT_BUNDLE_IDENTIFIER = "org.cocoapods.demo.RCSceneKTVMusicKit-Example1";
				PRODUCT_NAME = "$(TARGET_NAME)";
				SWIFT_VERSION = 4.0;
				WRAPPER_EXTENSION = app;
			};
			name = Debug;
		};
		6003F5C1195388D20070C39A /* Release */ = {
			isa = XCBuildConfiguration;
			baseConfigurationReference = 57A549436BA5B4F079C9F751 /* Pods-RCSceneKTVMusicKit_Example.release.xcconfig */;
			buildSettings = {
				ASSETCATALOG_COMPILER_APPICON_NAME = AppIcon;
				DEVELOPMENT_TEAM = 43XBZUE6H4;
				GCC_PRECOMPILE_PREFIX_HEADER = YES;
				GCC_PREFIX_HEADER = "RCSceneKTVMusicKit/RCSceneKTVMusicKit-Prefix.pch";
				INFOPLIST_FILE = "RCSceneKTVMusicKit/RCSceneKTVMusicKit-Info.plist";
				MODULE_NAME = ExampleApp;
				PRODUCT_BUNDLE_IDENTIFIER = "org.cocoapods.demo.RCSceneKTVMusicKit-Example1";
				PRODUCT_NAME = "$(TARGET_NAME)";
				SWIFT_VERSION = 4.0;
				WRAPPER_EXTENSION = app;
			};
			name = Release;
		};
		6003F5C3195388D20070C39A /* Debug */ = {
			isa = XCBuildConfiguration;
			baseConfigurationReference = EA03F015BBA38582FAD5544C /* Pods-RCSceneKTVMusicKit_Tests.debug.xcconfig */;
			buildSettings = {
				BUNDLE_LOADER = "$(TEST_HOST)";
				FRAMEWORK_SEARCH_PATHS = (
					"$(PLATFORM_DIR)/Developer/Library/Frameworks",
					"$(inherited)",
					"$(DEVELOPER_FRAMEWORKS_DIR)",
				);
				GCC_PRECOMPILE_PREFIX_HEADER = YES;
				GCC_PREFIX_HEADER = "Tests/Tests-Prefix.pch";
				GCC_PREPROCESSOR_DEFINITIONS = (
					"DEBUG=1",
					"$(inherited)",
				);
				INFOPLIST_FILE = "Tests/Tests-Info.plist";
				PRODUCT_BUNDLE_IDENTIFIER = "org.cocoapods.demo.${PRODUCT_NAME:rfc1034identifier}";
				PRODUCT_NAME = "$(TARGET_NAME)";
				SWIFT_VERSION = 4.0;
				TEST_HOST = "$(BUILT_PRODUCTS_DIR)/RCSceneKTVMusicKit_Example.app/RCSceneKTVMusicKit_Example";
				WRAPPER_EXTENSION = xctest;
			};
			name = Debug;
		};
		6003F5C4195388D20070C39A /* Release */ = {
			isa = XCBuildConfiguration;
			baseConfigurationReference = C4858AF80BC4B2DC8CACE28F /* Pods-RCSceneKTVMusicKit_Tests.release.xcconfig */;
			buildSettings = {
				BUNDLE_LOADER = "$(TEST_HOST)";
				FRAMEWORK_SEARCH_PATHS = (
					"$(PLATFORM_DIR)/Developer/Library/Frameworks",
					"$(inherited)",
					"$(DEVELOPER_FRAMEWORKS_DIR)",
				);
				GCC_PRECOMPILE_PREFIX_HEADER = YES;
				GCC_PREFIX_HEADER = "Tests/Tests-Prefix.pch";
				INFOPLIST_FILE = "Tests/Tests-Info.plist";
				PRODUCT_BUNDLE_IDENTIFIER = "org.cocoapods.demo.${PRODUCT_NAME:rfc1034identifier}";
				PRODUCT_NAME = "$(TARGET_NAME)";
				SWIFT_VERSION = 4.0;
				TEST_HOST = "$(BUILT_PRODUCTS_DIR)/RCSceneKTVMusicKit_Example.app/RCSceneKTVMusicKit_Example";
				WRAPPER_EXTENSION = xctest;
			};
			name = Release;
		};
/* End XCBuildConfiguration section */

/* Begin XCConfigurationList section */
		027CBF782874195B00BB72B4 /* Build configuration list for PBXAggregateTarget "OCLint" */ = {
			isa = XCConfigurationList;
			buildConfigurations = (
				027CBF762874195B00BB72B4 /* Debug */,
				027CBF772874195B00BB72B4 /* Release */,
			);
			defaultConfigurationIsVisible = 0;
			defaultConfigurationName = Release;
		};
		6003F585195388D10070C39A /* Build configuration list for PBXProject "RCSceneKTVMusicKit" */ = {
			isa = XCConfigurationList;
			buildConfigurations = (
				6003F5BD195388D20070C39A /* Debug */,
				6003F5BE195388D20070C39A /* Release */,
			);
			defaultConfigurationIsVisible = 0;
			defaultConfigurationName = Release;
		};
		6003F5BF195388D20070C39A /* Build configuration list for PBXNativeTarget "RCSceneKTVMusicKit_Example" */ = {
			isa = XCConfigurationList;
			buildConfigurations = (
				6003F5C0195388D20070C39A /* Debug */,
				6003F5C1195388D20070C39A /* Release */,
			);
			defaultConfigurationIsVisible = 0;
			defaultConfigurationName = Release;
		};
		6003F5C2195388D20070C39A /* Build configuration list for PBXNativeTarget "RCSceneKTVMusicKit_Tests" */ = {
			isa = XCConfigurationList;
			buildConfigurations = (
				6003F5C3195388D20070C39A /* Debug */,
				6003F5C4195388D20070C39A /* Release */,
			);
			defaultConfigurationIsVisible = 0;
			defaultConfigurationName = Release;
		};
/* End XCConfigurationList section */
	};
	rootObject = 6003F582195388D10070C39A /* Project object */;
}
